<?xml version="1.0" encoding="utf-8"?>
<Project ToolsVersion="4.0" xmlns="http://schemas.microsoft.com/developer/msbuild/2003">
  <ItemGroup>
    <Filter Include="소스 파일">
      <UniqueIdentifier>{4FC737F1-C7A5-4376-A066-2A32D752A2FF}</UniqueIdentifier>
      <Extensions>cpp;c;cc;cxx;def;odl;idl;hpj;bat;asm;asmx</Extensions>
    </Filter>
    <Filter Include="헤더 파일">
      <UniqueIdentifier>{93995380-89BD-4b04-88EB-625FBE52EBFB}</UniqueIdentifier>
      <Extensions>h;hh;hpp;hxx;hm;inl;inc;ipp;xsd</Extensions>
    </Filter>
    <Filter Include="리소스 파일">
      <UniqueIdentifier>{67DA6AB6-F800-4c08-8B7A-83BB121AAD01}</UniqueIdentifier>
      <Extensions>rc;ico;cur;bmp;dlg;rc2;rct;bin;rgs;gif;jpg;jpeg;jpe;resx;tiff;tif;png;wav;mfcribbon-ms</Extensions>
    </Filter>
    <Filter Include="소스 파일\14000-14999">
      <UniqueIdentifier>{ea87065f-f0d2-4f59-b575-60116422ffef}</UniqueIdentifier>
    </Filter>
    <Filter Include="소스 파일\15000-15999">
      <UniqueIdentifier>{2b063796-73ea-450f-a395-21c84e4a9945}</UniqueIdentifier>
    </Filter>
    <Filter Include="소스 파일\17000-17999">
      <UniqueIdentifier>{95dde2f8-613a-4ee2-825a-b0e9875df201}</UniqueIdentifier>
    </Filter>
    <Filter Include="소스 파일\13000-13999">
      <UniqueIdentifier>{426202f9-5d74-4d15-ad66-db7df3feecc1}</UniqueIdentifier>
    </Filter>
    <Filter Include="소스 파일\1000-1999">
      <UniqueIdentifier>{100d772d-b551-4663-89c9-efe302976680}</UniqueIdentifier>
    </Filter>
    <Filter Include="소스 파일\4000-4999">
      <UniqueIdentifier>{eb47d715-15ef-4287-ad3f-3a5dc8286af1}</UniqueIdentifier>
    </Filter>
    <Filter Include="소스 파일\12000-12999">
      <UniqueIdentifier>{1f381633-02e3-4688-a353-22f087721b4e}</UniqueIdentifier>
    </Filter>
    <Filter Include="소스 파일\3000-3999">
      <UniqueIdentifier>{1705e0e0-399b-483f-9d6c-d22fc0c65a07}</UniqueIdentifier>
    </Filter>
    <Filter Include="소스 파일\18000-18999">
      <UniqueIdentifier>{a1e33619-c761-460f-97e7-84d2bdd763e4}</UniqueIdentifier>
    </Filter>
    <Filter Include="소스 파일\16000-16999">
      <UniqueIdentifier>{a4d138fc-1550-403e-a0bb-2f7e6e436111}</UniqueIdentifier>
    </Filter>
    <Filter Include="소스 파일\11000-11999">
      <UniqueIdentifier>{4d04203f-8192-4d94-a5e5-707b4727f46d}</UniqueIdentifier>
    </Filter>
    <Filter Include="소스 파일\2000-2999">
      <UniqueIdentifier>{fc64206c-c37c-470d-91e1-fcf20695469c}</UniqueIdentifier>
    </Filter>
    <Filter Include="소스 파일\9000-9999">
      <UniqueIdentifier>{bf5e6f0f-931c-42fe-a5d0-7cf89894ac08}</UniqueIdentifier>
    </Filter>
    <Filter Include="소스 파일\6000-6999">
      <UniqueIdentifier>{42003854-b3d4-4e74-bda8-7bbf61556578}</UniqueIdentifier>
    </Filter>
    <Filter Include="소스 파일\8000-8999">
      <UniqueIdentifier>{60e66faf-7ec9-497b-b03f-5fc0d91c9cb3}</UniqueIdentifier>
    </Filter>
  </ItemGroup>
  <ItemGroup>
    <ClCompile Include="0.cpp">
      <Filter>소스 파일</Filter>
    </ClCompile>
    <ClCompile Include="14502_연구소.cpp">
      <Filter>소스 파일\14000-14999</Filter>
    </ClCompile>
    <ClCompile Include="15685_드래곤커브.cpp">
      <Filter>소스 파일\15000-15999</Filter>
    </ClCompile>
    <ClCompile Include="17837_새로운게임2.cpp">
      <Filter>소스 파일\17000-17999</Filter>
    </ClCompile>
    <ClCompile Include="15683_감시.cpp">
      <Filter>소스 파일\15000-15999</Filter>
    </ClCompile>
    <ClCompile Include="14889_스타트와 링크.cpp">
      <Filter>소스 파일\14000-14999</Filter>
    </ClCompile>
    <ClCompile Include="14500_테트로미노.cpp">
      <Filter>소스 파일\14000-14999</Filter>
    </ClCompile>
    <ClCompile Include="14891_톱니바퀴.cpp">
      <Filter>소스 파일\14000-14999</Filter>
    </ClCompile>
    <ClCompile Include="15686_치킨배달.cpp">
      <Filter>소스 파일\15000-15999</Filter>
    </ClCompile>
    <ClCompile Include="14501_퇴사.cpp">
      <Filter>소스 파일\14000-14999</Filter>
    </ClCompile>
    <ClCompile Include="14888_연산자끼워넣기.cpp">
      <Filter>소스 파일\14000-14999</Filter>
    </ClCompile>
    <ClCompile Include="13458_시험감독.cpp">
      <Filter>소스 파일\13000-13999</Filter>
    </ClCompile>
    <ClCompile Include="17472_다리만들기2.cpp">
      <Filter>소스 파일\17000-17999</Filter>
    </ClCompile>
    <ClCompile Include="1922_네트워크연결.cpp">
      <Filter>소스 파일\1000-1999</Filter>
    </ClCompile>
    <ClCompile Include="1197_최소스패닝트리.cpp">
      <Filter>소스 파일\1000-1999</Filter>
    </ClCompile>
    <ClCompile Include="4195_친구네트워크.cpp">
      <Filter>소스 파일\4000-4999</Filter>
    </ClCompile>
    <ClCompile Include="12100_2048.cpp">
      <Filter>소스 파일\12000-12999</Filter>
    </ClCompile>
    <ClCompile Include="3190_뱀.cpp">
      <Filter>소스 파일\3000-3999</Filter>
    </ClCompile>
    <ClCompile Include="18809_Gaaaaaaaaaarden.cpp">
      <Filter>소스 파일\18000-18999</Filter>
    </ClCompile>
    <ClCompile Include="18808_스티커붙이기.cpp">
      <Filter>소스 파일\18000-18999</Filter>
    </ClCompile>
    <ClCompile Include="17143_낚시왕.cpp">
      <Filter>소스 파일\17000-17999</Filter>
    </ClCompile>
    <ClCompile Include="17406_배열돌리기4.cpp">
      <Filter>소스 파일\17000-17999</Filter>
    </ClCompile>
    <ClCompile Include="3954_인터프리터.cpp">
      <Filter>소스 파일\3000-3999</Filter>
    </ClCompile>
    <ClCompile Include="17135_캐슬디펜스.cpp">
      <Filter>소스 파일\17000-17999</Filter>
    </ClCompile>
    <ClCompile Include="17281_야구.cpp">
      <Filter>소스 파일\17000-17999</Filter>
    </ClCompile>
    <ClCompile Include="17136_색종이붙이기.cpp">
      <Filter>소스 파일\17000-17999</Filter>
    </ClCompile>
    <ClCompile Include="17070_파이프 옯기기.cpp">
      <Filter>소스 파일\17000-17999</Filter>
    </ClCompile>
    <ClCompile Include="16637_괄호추가하기.cpp">
      <Filter>소스 파일\16000-16999</Filter>
    </ClCompile>
    <ClCompile Include="13023_ABCDE.cpp">
      <Filter>소스 파일\13000-13999</Filter>
    </ClCompile>
    <ClCompile Include="11724_연결요소의개수.cpp">
      <Filter>소스 파일\11000-11999</Filter>
    </ClCompile>
    <ClCompile Include="1707_이분그래프.cpp">
      <Filter>소스 파일\1000-1999</Filter>
    </ClCompile>
    <ClCompile Include="4963_섬의 개수.cpp">
      <Filter>소스 파일\4000-4999</Filter>
    </ClCompile>
    <ClCompile Include="14226_이모티콘.cpp">
      <Filter>소스 파일\14000-14999</Filter>
    </ClCompile>
    <ClCompile Include="13549_숨바꼭질3.cpp">
      <Filter>소스 파일\13000-13999</Filter>
    </ClCompile>
    <ClCompile Include="1261_알고스팟.cpp">
      <Filter>소스 파일\1000-1999</Filter>
    </ClCompile>
    <ClCompile Include="2206_벽부수고이동하기.cpp">
      <Filter>소스 파일\2000-2999</Filter>
    </ClCompile>
    <ClCompile Include="3055_탈출.cpp">
      <Filter>소스 파일\3000-3999</Filter>
    </ClCompile>
    <ClCompile Include="13913_숨바꼭질4.cpp">
      <Filter>소스 파일\13000-13999</Filter>
    </ClCompile>
    <ClCompile Include="9376_탈옥.cpp">
      <Filter>소스 파일\9000-9999</Filter>
    </ClCompile>
    <ClCompile Include="9328_열쇠.cpp">
      <Filter>소스 파일\9000-9999</Filter>
    </ClCompile>
    <ClCompile Include="4991_로봇청소기.cpp">
      <Filter>소스 파일\4000-4999</Filter>
    </ClCompile>
    <ClCompile Include="6087_레이저통신.cpp">
      <Filter>소스 파일\6000-6999</Filter>
    </ClCompile>
    <ClCompile Include="8111_0과1.cpp">
      <Filter>소스 파일\8000-8999</Filter>
    </ClCompile>
    <ClCompile Include="15558_점프게임.cpp">
      <Filter>소스 파일\15000-15999</Filter>
    </ClCompile>
    <ClCompile Include="15653_구슬탈출4.cpp">
      <Filter>소스 파일\15000-15999</Filter>
    </ClCompile>
  </ItemGroup>
</Project>