
Microsoft Visual Studio Solution File, Format Version 12.00
# Visual Studio 15
VisualStudioVersion = 15.0.27703.2035
MinimumVisualStudioVersion = 10.0.40219.1
Project("{8BC9CEB8-8B4A-11D0-8D11-00A0C91BC942}") = "BOJ", "BOJ.vcxproj", "{FA59D246-7E86-4B82-BD5B-26A0988429CA}"
EndProject
Project("{8BC9CEB8-8B4A-11D0-8D11-00A0C91BC942}") = "ALGOSPOT", "..\ALGOSPOT\ALGOSPOT.vcxproj", "{3341F832-A313-4C25-9386-0592C6597E98}"
EndProject
Project("{8BC9CEB8-8B4A-11D0-8D11-00A0C91BC942}") = "SWEXPERT", "..\SWEXPERT\SWEXPERT.vcxproj", "{455B5EC8-276C-4523-942E-3B41D5D626B2}"
EndProject
Project("{8BC9CEB8-8B4A-11D0-8D11-00A0C91BC942}") = "20200321 코딩테스트 대비 모의고사", "..\20200321 코딩테스트 대비 모의고사\20200321 코딩테스트 대비 모의고사.vcxproj", "{F06B7E7B-93BB-4EA9-8659-191C543128B0}"
EndProject
Project("{8BC9CEB8-8B4A-11D0-8D11-00A0C91BC942}") = "Algorithm", "..\Algorithm\Algorithm.vcxproj", "{B958D146-55E0-4B1A-B5A8-8469C3D9FE19}"
EndProject
Project("{8BC9CEB8-8B4A-11D0-8D11-00A0C91BC942}") = "프로그래머스", "..\프로그래머스\프로그래머스.vcxproj", "{5E79C94C-6CDB-49D6-BEEF-1893AAC90668}"
EndProject
Project("{8BC9CEB8-8B4A-11D0-8D11-00A0C91BC942}") = "2020카카오인턴십 코딩테스트", "..\2020카카오인턴십 코딩테스트\2020카카오인턴십 코딩테스트.vcxproj", "{81650FA1-8714-4492-B3EE-AAF4760DF0A0}"
EndProject
Project("{8BC9CEB8-8B4A-11D0-8D11-00A0C91BC942}") = "navis", "..\navis\navis.vcxproj", "{FDB6D72D-8AD5-4649-95A6-1781A6A3E0DF}"
EndProject
Global
	GlobalSection(SolutionConfigurationPlatforms) = preSolution
		Debug|x64 = Debug|x64
		Debug|x86 = Debug|x86
		Release|x64 = Release|x64
		Release|x86 = Release|x86
	EndGlobalSection
	GlobalSection(ProjectConfigurationPlatforms) = postSolution
		{FA59D246-7E86-4B82-BD5B-26A0988429CA}.Debug|x64.ActiveCfg = Debug|x64
		{FA59D246-7E86-4B82-BD5B-26A0988429CA}.Debug|x64.Build.0 = Debug|x64
		{FA59D246-7E86-4B82-BD5B-26A0988429CA}.Debug|x86.ActiveCfg = Debug|Win32
		{FA59D246-7E86-4B82-BD5B-26A0988429CA}.Debug|x86.Build.0 = Debug|Win32
		{FA59D246-7E86-4B82-BD5B-26A0988429CA}.Release|x64.ActiveCfg = Release|x64
		{FA59D246-7E86-4B82-BD5B-26A0988429CA}.Release|x64.Build.0 = Release|x64
		{FA59D246-7E86-4B82-BD5B-26A0988429CA}.Release|x86.ActiveCfg = Release|Win32
		{FA59D246-7E86-4B82-BD5B-26A0988429CA}.Release|x86.Build.0 = Release|Win32
		{3341F832-A313-4C25-9386-0592C6597E98}.Debug|x64.ActiveCfg = Debug|x64
		{3341F832-A313-4C25-9386-0592C6597E98}.Debug|x64.Build.0 = Debug|x64
		{3341F832-A313-4C25-9386-0592C6597E98}.Debug|x86.ActiveCfg = Debug|Win32
		{3341F832-A313-4C25-9386-0592C6597E98}.Debug|x86.Build.0 = Debug|Win32
		{3341F832-A313-4C25-9386-0592C6597E98}.Release|x64.ActiveCfg = Release|x64
		{3341F832-A313-4C25-9386-0592C6597E98}.Release|x64.Build.0 = Release|x64
		{3341F832-A313-4C25-9386-0592C6597E98}.Release|x86.ActiveCfg = Release|Win32
		{3341F832-A313-4C25-9386-0592C6597E98}.Release|x86.Build.0 = Release|Win32
		{455B5EC8-276C-4523-942E-3B41D5D626B2}.Debug|x64.ActiveCfg = Debug|x64
		{455B5EC8-276C-4523-942E-3B41D5D626B2}.Debug|x64.Build.0 = Debug|x64
		{455B5EC8-276C-4523-942E-3B41D5D626B2}.Debug|x86.ActiveCfg = Debug|Win32
		{455B5EC8-276C-4523-942E-3B41D5D626B2}.Debug|x86.Build.0 = Debug|Win32
		{455B5EC8-276C-4523-942E-3B41D5D626B2}.Release|x64.ActiveCfg = Release|x64
		{455B5EC8-276C-4523-942E-3B41D5D626B2}.Release|x64.Build.0 = Release|x64
		{455B5EC8-276C-4523-942E-3B41D5D626B2}.Release|x86.ActiveCfg = Release|Win32
		{455B5EC8-276C-4523-942E-3B41D5D626B2}.Release|x86.Build.0 = Release|Win32
		{F06B7E7B-93BB-4EA9-8659-191C543128B0}.Debug|x64.ActiveCfg = Debug|x64
		{F06B7E7B-93BB-4EA9-8659-191C543128B0}.Debug|x64.Build.0 = Debug|x64
		{F06B7E7B-93BB-4EA9-8659-191C543128B0}.Debug|x86.ActiveCfg = Debug|Win32
		{F06B7E7B-93BB-4EA9-8659-191C543128B0}.Debug|x86.Build.0 = Debug|Win32
		{F06B7E7B-93BB-4EA9-8659-191C543128B0}.Release|x64.ActiveCfg = Release|x64
		{F06B7E7B-93BB-4EA9-8659-191C543128B0}.Release|x64.Build.0 = Release|x64
		{F06B7E7B-93BB-4EA9-8659-191C543128B0}.Release|x86.ActiveCfg = Release|Win32
		{F06B7E7B-93BB-4EA9-8659-191C543128B0}.Release|x86.Build.0 = Release|Win32
		{B958D146-55E0-4B1A-B5A8-8469C3D9FE19}.Debug|x64.ActiveCfg = Debug|x64
		{B958D146-55E0-4B1A-B5A8-8469C3D9FE19}.Debug|x64.Build.0 = Debug|x64
		{B958D146-55E0-4B1A-B5A8-8469C3D9FE19}.Debug|x86.ActiveCfg = Debug|Win32
		{B958D146-55E0-4B1A-B5A8-8469C3D9FE19}.Debug|x86.Build.0 = Debug|Win32
		{B958D146-55E0-4B1A-B5A8-8469C3D9FE19}.Release|x64.ActiveCfg = Release|x64
		{B958D146-55E0-4B1A-B5A8-8469C3D9FE19}.Release|x64.Build.0 = Release|x64
		{B958D146-55E0-4B1A-B5A8-8469C3D9FE19}.Release|x86.ActiveCfg = Release|Win32
		{B958D146-55E0-4B1A-B5A8-8469C3D9FE19}.Release|x86.Build.0 = Release|Win32
		{5E79C94C-6CDB-49D6-BEEF-1893AAC90668}.Debug|x64.ActiveCfg = Debug|x64
		{5E79C94C-6CDB-49D6-BEEF-1893AAC90668}.Debug|x64.Build.0 = Debug|x64
		{5E79C94C-6CDB-49D6-BEEF-1893AAC90668}.Debug|x86.ActiveCfg = Debug|Win32
		{5E79C94C-6CDB-49D6-BEEF-1893AAC90668}.Debug|x86.Build.0 = Debug|Win32
		{5E79C94C-6CDB-49D6-BEEF-1893AAC90668}.Release|x64.ActiveCfg = Release|x64
		{5E79C94C-6CDB-49D6-BEEF-1893AAC90668}.Release|x64.Build.0 = Release|x64
		{5E79C94C-6CDB-49D6-BEEF-1893AAC90668}.Release|x86.ActiveCfg = Release|Win32
		{5E79C94C-6CDB-49D6-BEEF-1893AAC90668}.Release|x86.Build.0 = Release|Win32
		{81650FA1-8714-4492-B3EE-AAF4760DF0A0}.Debug|x64.ActiveCfg = Debug|x64
		{81650FA1-8714-4492-B3EE-AAF4760DF0A0}.Debug|x64.Build.0 = Debug|x64
		{81650FA1-8714-4492-B3EE-AAF4760DF0A0}.Debug|x86.ActiveCfg = Debug|Win32
		{81650FA1-8714-4492-B3EE-AAF4760DF0A0}.Debug|x86.Build.0 = Debug|Win32
		{81650FA1-8714-4492-B3EE-AAF4760DF0A0}.Release|x64.ActiveCfg = Release|x64
		{81650FA1-8714-4492-B3EE-AAF4760DF0A0}.Release|x64.Build.0 = Release|x64
		{81650FA1-8714-4492-B3EE-AAF4760DF0A0}.Release|x86.ActiveCfg = Release|Win32
		{81650FA1-8714-4492-B3EE-AAF4760DF0A0}.Release|x86.Build.0 = Release|Win32
		{FDB6D72D-8AD5-4649-95A6-1781A6A3E0DF}.Debug|x64.ActiveCfg = Debug|x64
		{FDB6D72D-8AD5-4649-95A6-1781A6A3E0DF}.Debug|x64.Build.0 = Debug|x64
		{FDB6D72D-8AD5-4649-95A6-1781A6A3E0DF}.Debug|x86.ActiveCfg = Debug|Win32
		{FDB6D72D-8AD5-4649-95A6-1781A6A3E0DF}.Debug|x86.Build.0 = Debug|Win32
		{FDB6D72D-8AD5-4649-95A6-1781A6A3E0DF}.Release|x64.ActiveCfg = Release|x64
		{FDB6D72D-8AD5-4649-95A6-1781A6A3E0DF}.Release|x64.Build.0 = Release|x64
		{FDB6D72D-8AD5-4649-95A6-1781A6A3E0DF}.Release|x86.ActiveCfg = Release|Win32
		{FDB6D72D-8AD5-4649-95A6-1781A6A3E0DF}.Release|x86.Build.0 = Release|Win32
	EndGlobalSection
	GlobalSection(SolutionProperties) = preSolution
		HideSolutionNode = FALSE
	EndGlobalSection
	GlobalSection(ExtensibilityGlobals) = postSolution
		SolutionGuid = {D95B389F-BC08-451F-9084-4265121CFF3B}
	EndGlobalSection
EndGlobal
